
Microsoft Visual Studio Solution File, Format Version 12.00
# Visual Studio Version 17
VisualStudioVersion = 17.0.31903.59
MinimumVisualStudioVersion = 10.0.40219.1
Project("{2150E333-8FDC-42A3-9474-1A3956D46DE8}") = "src", "src", "{CC24726C-0943-4AF3-AB49-45781FB5C556}"
EndProject
Project("{FAE04EC0-301F-11D3-BF4B-00C04F79EFBC}") = "Program", "src\Program\Program.csproj", "{A9277612-1590-4A81-956D-676C4A6F18EF}"
EndProject
Project("{FAE04EC0-301F-11D3-BF4B-00C04F79EFBC}") = "TesteosCompuertas", "TesteosCompuertas\TesteosCompuertas.csproj", "{3A4860A6-D9AF-4F2C-865A-F268A9523354}"
EndProject
Project("{FAE04EC0-301F-11D3-BF4B-00C04F79EFBC}") = "TestProject1", "TestProject1\TestProject1.csproj", "{27DE1BE5-D639-4E30-BFED-13243403AFD3}"
EndProject
Global
	GlobalSection(SolutionConfigurationPlatforms) = preSolution
		Debug|Any CPU = Debug|Any CPU
		Release|Any CPU = Release|Any CPU
	EndGlobalSection
	GlobalSection(SolutionProperties) = preSolution
		HideSolutionNode = FALSE
	EndGlobalSection
	GlobalSection(ProjectConfigurationPlatforms) = postSolution
		{A9277612-1590-4A81-956D-676C4A6F18EF}.Debug|Any CPU.ActiveCfg = Debug|Any CPU
		{A9277612-1590-4A81-956D-676C4A6F18EF}.Debug|Any CPU.Build.0 = Debug|Any CPU
		{A9277612-1590-4A81-956D-676C4A6F18EF}.Release|Any CPU.ActiveCfg = Release|Any CPU
		{A9277612-1590-4A81-956D-676C4A6F18EF}.Release|Any CPU.Build.0 = Release|Any CPU
		{3A4860A6-D9AF-4F2C-865A-F268A9523354}.Debug|Any CPU.ActiveCfg = Debug|Any CPU
		{3A4860A6-D9AF-4F2C-865A-F268A9523354}.Debug|Any CPU.Build.0 = Debug|Any CPU
		{3A4860A6-D9AF-4F2C-865A-F268A9523354}.Release|Any CPU.ActiveCfg = Release|Any CPU
		{3A4860A6-D9AF-4F2C-865A-F268A9523354}.Release|Any CPU.Build.0 = Release|Any CPU
		{27DE1BE5-D639-4E30-BFED-13243403AFD3}.Debug|Any CPU.ActiveCfg = Debug|Any CPU
		{27DE1BE5-D639-4E30-BFED-13243403AFD3}.Debug|Any CPU.Build.0 = Debug|Any CPU
		{27DE1BE5-D639-4E30-BFED-13243403AFD3}.Release|Any CPU.ActiveCfg = Release|Any CPU
		{27DE1BE5-D639-4E30-BFED-13243403AFD3}.Release|Any CPU.Build.0 = Release|Any CPU
	EndGlobalSection
	GlobalSection(NestedProjects) = preSolution
		{A9277612-1590-4A81-956D-676C4A6F18EF} = {CC24726C-0943-4AF3-AB49-45781FB5C556}
	EndGlobalSection
EndGlobal
